
Microsoft Visual Studio Solution File, Format Version 12.00
# Visual Studio Version 16
VisualStudioVersion = 16.0.32106.194
MinimumVisualStudioVersion = 10.0.40219.1
Project("{FAE04EC0-301F-11D3-BF4B-00C04F79EFBC}") = "PizzaAppAPI", "PizzaAppAPI.csproj", "{7723292D-ED7C-4693-A77F-2CB8DF509840}"
EndProject
Global
	GlobalSection(SolutionConfigurationPlatforms) = preSolution
		Debug|Any CPU = Debug|Any CPU
		Release|Any CPU = Release|Any CPU
	EndGlobalSection
	GlobalSection(ProjectConfigurationPlatforms) = postSolution
		{7723292D-ED7C-4693-A77F-2CB8DF509840}.Debug|Any CPU.ActiveCfg = Debug|Any CPU
		{7723292D-ED7C-4693-A77F-2CB8DF509840}.Debug|Any CPU.Build.0 = Debug|Any CPU
		{7723292D-ED7C-4693-A77F-2CB8DF509840}.Release|Any CPU.ActiveCfg = Release|Any CPU
		{7723292D-ED7C-4693-A77F-2CB8DF509840}.Release|Any CPU.Build.0 = Release|Any CPU
	EndGlobalSection
	GlobalSection(SolutionProperties) = preSolution
		HideSolutionNode = FALSE
	EndGlobalSection
	GlobalSection(ExtensibilityGlobals) = postSolution
		SolutionGuid = {AEC7E6C3-C460-4680-B2DE-7536EF289BCF}
	EndGlobalSection
EndGlobal
